
Microsoft Visual Studio Solution File, Format Version 12.00
# Visual Studio Version 17
VisualStudioVersion = 17.9.34728.123
MinimumVisualStudioVersion = 10.0.40219.1
Project("{2150E333-8FDC-42A3-9474-1A3956D46DE8}") = "Services", "Services", "{FD2C273A-6057-432B-A8F7-60D88952E36C}"
EndProject
Project("{2150E333-8FDC-42A3-9474-1A3956D46DE8}") = "Catalog", "Catalog", "{839C7F1A-4ACE-483A-9D89-51818EA39902}"
EndProject
Project("{FAE04EC0-301F-11D3-BF4B-00C04F79EFBC}") = "MultiShop.Catalog", "Services\Catalog\MultiShop.Catalog\MultiShop.Catalog.csproj", "{85CC0E76-3E24-4BB1-B4EC-05297E193CBE}"
EndProject
Global
	GlobalSection(SolutionConfigurationPlatforms) = preSolution
		Debug|Any CPU = Debug|Any CPU
		Release|Any CPU = Release|Any CPU
	EndGlobalSection
	GlobalSection(ProjectConfigurationPlatforms) = postSolution
		{85CC0E76-3E24-4BB1-B4EC-05297E193CBE}.Debug|Any CPU.ActiveCfg = Debug|Any CPU
		{85CC0E76-3E24-4BB1-B4EC-05297E193CBE}.Debug|Any CPU.Build.0 = Debug|Any CPU
		{85CC0E76-3E24-4BB1-B4EC-05297E193CBE}.Release|Any CPU.ActiveCfg = Release|Any CPU
		{85CC0E76-3E24-4BB1-B4EC-05297E193CBE}.Release|Any CPU.Build.0 = Release|Any CPU
	EndGlobalSection
	GlobalSection(SolutionProperties) = preSolution
		HideSolutionNode = FALSE
	EndGlobalSection
	GlobalSection(NestedProjects) = preSolution
		{839C7F1A-4ACE-483A-9D89-51818EA39902} = {FD2C273A-6057-432B-A8F7-60D88952E36C}
		{85CC0E76-3E24-4BB1-B4EC-05297E193CBE} = {839C7F1A-4ACE-483A-9D89-51818EA39902}
	EndGlobalSection
	GlobalSection(ExtensibilityGlobals) = postSolution
		SolutionGuid = {76096797-DF58-40E2-83E8-4AB3A02C9A53}
	EndGlobalSection
EndGlobal
