
Microsoft Visual Studio Solution File, Format Version 12.00
# Visual Studio Version 17
VisualStudioVersion = 17.9.34728.123
MinimumVisualStudioVersion = 10.0.40219.1
Project("{2150E333-8FDC-42A3-9474-1A3956D46DE8}") = "Services", "Services", "{FD2C273A-6057-432B-A8F7-60D88952E36C}"
EndProject
Project("{2150E333-8FDC-42A3-9474-1A3956D46DE8}") = "Catalog", "Catalog", "{839C7F1A-4ACE-483A-9D89-51818EA39902}"
EndProject
Project("{9A19103F-16F7-4668-BE54-9A1E7A4F7556}") = "MultiShop.Catalog", "Services\Catalog\MultiShop.Catalog\MultiShop.Catalog.csproj", "{85CC0E76-3E24-4BB1-B4EC-05297E193CBE}"
EndProject
Project("{2150E333-8FDC-42A3-9474-1A3956D46DE8}") = "Discount", "Discount", "{6049A762-E069-4FC7-8B7D-ACFE84F83C43}"
EndProject
Project("{9A19103F-16F7-4668-BE54-9A1E7A4F7556}") = "MultiShop.Discount", "Services\Discount\MultiShop.Discount\MultiShop.Discount.csproj", "{D9D69C16-B70A-4E51-9F18-D974B91817CC}"
EndProject
Project("{2150E333-8FDC-42A3-9474-1A3956D46DE8}") = "Order", "Order", "{9359F898-0813-425F-B22B-697ED3C29A11}"
EndProject
Project("{2150E333-8FDC-42A3-9474-1A3956D46DE8}") = "Core", "Core", "{43FF8A6B-4D4E-4A12-8030-5342211877B5}"
EndProject
Project("{2150E333-8FDC-42A3-9474-1A3956D46DE8}") = "Infrastructure", "Infrastructure", "{4E999F50-F82F-4756-92C6-FCD47D642231}"
EndProject
Project("{2150E333-8FDC-42A3-9474-1A3956D46DE8}") = "Presentation", "Presentation", "{966D1EDC-F244-4D42-905D-D44570806D86}"
EndProject
Project("{FAE04EC0-301F-11D3-BF4B-00C04F79EFBC}") = "MultiShop.Order.Domain", "Services\Order\Core\MultiShop.Order.Domain\MultiShop.Order.Domain.csproj", "{39683A82-BF5C-4061-A10A-657A0051CE4D}"
EndProject
Project("{FAE04EC0-301F-11D3-BF4B-00C04F79EFBC}") = "MultiShop.Order.Application", "Services\Order\Core\MultiShop.Order.Application\MultiShop.Order.Application.csproj", "{8CBF27F3-34E1-4AE5-8BC7-5909295122CC}"
EndProject
Project("{FAE04EC0-301F-11D3-BF4B-00C04F79EFBC}") = "MultiShop.Order.Presistence", "Order\Infrastructure\MultiShop.Order.Presistence\MultiShop.Order.Presistence.csproj", "{B11207EF-C7C6-4791-B17C-080EB83FD65F}"
EndProject
Project("{FAE04EC0-301F-11D3-BF4B-00C04F79EFBC}") = "MultiShop.Order.WebApi", "Services\Order\Presentation\MultiShop.Order.WebApi\MultiShop.Order.WebApi.csproj", "{21FC6555-4E02-4572-87BD-DD52765EFAFB}"
EndProject
Global
	GlobalSection(SolutionConfigurationPlatforms) = preSolution
		Debug|Any CPU = Debug|Any CPU
		Release|Any CPU = Release|Any CPU
	EndGlobalSection
	GlobalSection(ProjectConfigurationPlatforms) = postSolution
		{85CC0E76-3E24-4BB1-B4EC-05297E193CBE}.Debug|Any CPU.ActiveCfg = Debug|Any CPU
		{85CC0E76-3E24-4BB1-B4EC-05297E193CBE}.Debug|Any CPU.Build.0 = Debug|Any CPU
		{85CC0E76-3E24-4BB1-B4EC-05297E193CBE}.Release|Any CPU.ActiveCfg = Release|Any CPU
		{85CC0E76-3E24-4BB1-B4EC-05297E193CBE}.Release|Any CPU.Build.0 = Release|Any CPU
		{D9D69C16-B70A-4E51-9F18-D974B91817CC}.Debug|Any CPU.ActiveCfg = Debug|Any CPU
		{D9D69C16-B70A-4E51-9F18-D974B91817CC}.Debug|Any CPU.Build.0 = Debug|Any CPU
		{D9D69C16-B70A-4E51-9F18-D974B91817CC}.Release|Any CPU.ActiveCfg = Release|Any CPU
		{D9D69C16-B70A-4E51-9F18-D974B91817CC}.Release|Any CPU.Build.0 = Release|Any CPU
		{39683A82-BF5C-4061-A10A-657A0051CE4D}.Debug|Any CPU.ActiveCfg = Debug|Any CPU
		{39683A82-BF5C-4061-A10A-657A0051CE4D}.Debug|Any CPU.Build.0 = Debug|Any CPU
		{39683A82-BF5C-4061-A10A-657A0051CE4D}.Release|Any CPU.ActiveCfg = Release|Any CPU
		{39683A82-BF5C-4061-A10A-657A0051CE4D}.Release|Any CPU.Build.0 = Release|Any CPU
		{8CBF27F3-34E1-4AE5-8BC7-5909295122CC}.Debug|Any CPU.ActiveCfg = Debug|Any CPU
		{8CBF27F3-34E1-4AE5-8BC7-5909295122CC}.Debug|Any CPU.Build.0 = Debug|Any CPU
		{8CBF27F3-34E1-4AE5-8BC7-5909295122CC}.Release|Any CPU.ActiveCfg = Release|Any CPU
		{8CBF27F3-34E1-4AE5-8BC7-5909295122CC}.Release|Any CPU.Build.0 = Release|Any CPU
		{B11207EF-C7C6-4791-B17C-080EB83FD65F}.Debug|Any CPU.ActiveCfg = Debug|Any CPU
		{B11207EF-C7C6-4791-B17C-080EB83FD65F}.Debug|Any CPU.Build.0 = Debug|Any CPU
		{B11207EF-C7C6-4791-B17C-080EB83FD65F}.Release|Any CPU.ActiveCfg = Release|Any CPU
		{B11207EF-C7C6-4791-B17C-080EB83FD65F}.Release|Any CPU.Build.0 = Release|Any CPU
		{21FC6555-4E02-4572-87BD-DD52765EFAFB}.Debug|Any CPU.ActiveCfg = Debug|Any CPU
		{21FC6555-4E02-4572-87BD-DD52765EFAFB}.Debug|Any CPU.Build.0 = Debug|Any CPU
		{21FC6555-4E02-4572-87BD-DD52765EFAFB}.Release|Any CPU.ActiveCfg = Release|Any CPU
		{21FC6555-4E02-4572-87BD-DD52765EFAFB}.Release|Any CPU.Build.0 = Release|Any CPU
	EndGlobalSection
	GlobalSection(SolutionProperties) = preSolution
		HideSolutionNode = FALSE
	EndGlobalSection
	GlobalSection(NestedProjects) = preSolution
		{839C7F1A-4ACE-483A-9D89-51818EA39902} = {FD2C273A-6057-432B-A8F7-60D88952E36C}
		{85CC0E76-3E24-4BB1-B4EC-05297E193CBE} = {839C7F1A-4ACE-483A-9D89-51818EA39902}
		{6049A762-E069-4FC7-8B7D-ACFE84F83C43} = {FD2C273A-6057-432B-A8F7-60D88952E36C}
		{D9D69C16-B70A-4E51-9F18-D974B91817CC} = {6049A762-E069-4FC7-8B7D-ACFE84F83C43}
		{9359F898-0813-425F-B22B-697ED3C29A11} = {FD2C273A-6057-432B-A8F7-60D88952E36C}
		{43FF8A6B-4D4E-4A12-8030-5342211877B5} = {9359F898-0813-425F-B22B-697ED3C29A11}
		{4E999F50-F82F-4756-92C6-FCD47D642231} = {9359F898-0813-425F-B22B-697ED3C29A11}
		{966D1EDC-F244-4D42-905D-D44570806D86} = {9359F898-0813-425F-B22B-697ED3C29A11}
		{39683A82-BF5C-4061-A10A-657A0051CE4D} = {43FF8A6B-4D4E-4A12-8030-5342211877B5}
		{8CBF27F3-34E1-4AE5-8BC7-5909295122CC} = {43FF8A6B-4D4E-4A12-8030-5342211877B5}
		{B11207EF-C7C6-4791-B17C-080EB83FD65F} = {4E999F50-F82F-4756-92C6-FCD47D642231}
		{21FC6555-4E02-4572-87BD-DD52765EFAFB} = {966D1EDC-F244-4D42-905D-D44570806D86}
	EndGlobalSection
	GlobalSection(ExtensibilityGlobals) = postSolution
		SolutionGuid = {76096797-DF58-40E2-83E8-4AB3A02C9A53}
	EndGlobalSection
EndGlobal
